
Microsoft Visual Studio Solution File, Format Version 12.00
# Visual Studio Express 15 for Windows Desktop
VisualStudioVersion = 15.0.28307.779
MinimumVisualStudioVersion = 10.0.40219.1
Project("{FAE04EC0-301F-11D3-BF4B-00C04F79EFBC}") = "Ejercicio2", "Ejercicio2\Ejercicio2.csproj", "{4098C36E-465C-4317-A7E8-AE2BA998E6BD}"
EndProject
Global
	GlobalSection(SolutionConfigurationPlatforms) = preSolution
		Debug|Any CPU = Debug|Any CPU
		Release|Any CPU = Release|Any CPU
	EndGlobalSection
	GlobalSection(ProjectConfigurationPlatforms) = postSolution
		{4098C36E-465C-4317-A7E8-AE2BA998E6BD}.Debug|Any CPU.ActiveCfg = Debug|Any CPU
		{4098C36E-465C-4317-A7E8-AE2BA998E6BD}.Debug|Any CPU.Build.0 = Debug|Any CPU
		{4098C36E-465C-4317-A7E8-AE2BA998E6BD}.Release|Any CPU.ActiveCfg = Release|Any CPU
		{4098C36E-465C-4317-A7E8-AE2BA998E6BD}.Release|Any CPU.Build.0 = Release|Any CPU
	EndGlobalSection
	GlobalSection(SolutionProperties) = preSolution
		HideSolutionNode = FALSE
	EndGlobalSection
	GlobalSection(ExtensibilityGlobals) = postSolution
		SolutionGuid = {47B412AD-C209-41A5-89FB-8F23C41EFC1D}
	EndGlobalSection
EndGlobal
